# This file was autogenerated by Stack.
# You should not edit this file by hand.
# For more information, please see the documentation at:
#   https://docs.haskellstack.org/en/stable/lock_files

packages:
- completed:
    hackage: dns-4.0.1@sha256:54abd4c5573c58c1099e5abc2602979919b30d669b7d4ca8a87a3793bf68e765,4528
    pantry-tree:
      size: 2230
      sha256: bc743562b6a2b57eb6a27462ed9fa54224b4e50215ac9c02c309d252738797d7
  original:
    hackage: dns-4.0.1
- completed:
    hackage: haskoin-core-0.9.8@sha256:68cc9081e9d889c0d16b244d938c358b4c267e6165cf845ecfea2d969561298f,4114
    pantry-tree:
      size: 4894
      sha256: 3e5e05698092e5a29726fb538220d3ba0e5adbfc827d55de06a2cb09d56a3ab1
  original:
    hackage: haskoin-core-0.9.8
snapshots:
- completed:
    size: 524789
    url: https://raw.githubusercontent.com/commercialhaskell/stackage-snapshots/master/lts/14/18.yaml
    sha256: 646be71223e08234131c6989912e6011e01b9767bc447b6d466a35e14360bdf2
  original: lts-14.18
